
Microsoft Visual Studio Solution File, Format Version 12.00
# Visual Studio Version 16
VisualStudioVersion = 16.0.30804.86
MinimumVisualStudioVersion = 10.0.40219.1
Project("{FAE04EC0-301F-11D3-BF4B-00C04F79EFBC}") = "LogAn", "LogAn\LogAn.csproj", "{98536F43-F1A3-45E2-AF94-9F5D7CCB5F8E}"
EndProject
Project("{FAE04EC0-301F-11D3-BF4B-00C04F79EFBC}") = "LogAn.UnitTests", "LogAn.UnitTests\LogAn.UnitTests.csproj", "{97AFAAAD-CAC5-48B4-A75F-DF8DECFCA6B7}"
EndProject
Global
	GlobalSection(SolutionConfigurationPlatforms) = preSolution
		Debug|Any CPU = Debug|Any CPU
		Release|Any CPU = Release|Any CPU
	EndGlobalSection
	GlobalSection(ProjectConfigurationPlatforms) = postSolution
		{98536F43-F1A3-45E2-AF94-9F5D7CCB5F8E}.Debug|Any CPU.ActiveCfg = Debug|Any CPU
		{98536F43-F1A3-45E2-AF94-9F5D7CCB5F8E}.Debug|Any CPU.Build.0 = Debug|Any CPU
		{98536F43-F1A3-45E2-AF94-9F5D7CCB5F8E}.Release|Any CPU.ActiveCfg = Release|Any CPU
		{98536F43-F1A3-45E2-AF94-9F5D7CCB5F8E}.Release|Any CPU.Build.0 = Release|Any CPU
		{97AFAAAD-CAC5-48B4-A75F-DF8DECFCA6B7}.Debug|Any CPU.ActiveCfg = Debug|Any CPU
		{97AFAAAD-CAC5-48B4-A75F-DF8DECFCA6B7}.Debug|Any CPU.Build.0 = Debug|Any CPU
		{97AFAAAD-CAC5-48B4-A75F-DF8DECFCA6B7}.Release|Any CPU.ActiveCfg = Release|Any CPU
		{97AFAAAD-CAC5-48B4-A75F-DF8DECFCA6B7}.Release|Any CPU.Build.0 = Release|Any CPU
	EndGlobalSection
	GlobalSection(SolutionProperties) = preSolution
		HideSolutionNode = FALSE
	EndGlobalSection
	GlobalSection(ExtensibilityGlobals) = postSolution
		SolutionGuid = {3C1740BA-BFBE-40E7-9534-CA7777A3ECE5}
	EndGlobalSection
EndGlobal
